
Microsoft Visual Studio Solution File, Format Version 12.00
# Visual Studio Version 16
VisualStudioVersion = 16.0.29306.81
MinimumVisualStudioVersion = 10.0.40219.1
Project("{FAE04EC0-301F-11D3-BF4B-00C04F79EFBC}") = "SharpHound3", "SharpHound3\SharpHound3.csproj", "{A517A8DE-5834-411D-ABDA-2D0E1766539C}"
EndProject
Global
	GlobalSection(SolutionConfigurationPlatforms) = preSolution
		Debug|Any CPU = Debug|Any CPU
		Release|Any CPU = Release|Any CPU
	EndGlobalSection
	GlobalSection(ProjectConfigurationPlatforms) = postSolution
		{A517A8DE-5834-411D-ABDA-2D0E1766539C}.Debug|Any CPU.ActiveCfg = Debug|Any CPU
		{A517A8DE-5834-411D-ABDA-2D0E1766539C}.Debug|Any CPU.Build.0 = Debug|Any CPU
		{A517A8DE-5834-411D-ABDA-2D0E1766539C}.Release|Any CPU.ActiveCfg = Release|Any CPU
		{A517A8DE-5834-411D-ABDA-2D0E1766539C}.Release|Any CPU.Build.0 = Release|Any CPU
	EndGlobalSection
	GlobalSection(SolutionProperties) = preSolution
		HideSolutionNode = FALSE
	EndGlobalSection
	GlobalSection(ExtensibilityGlobals) = postSolution
		SolutionGuid = {B8DCA043-3328-412F-B43F-8DE74C430E01}
	EndGlobalSection
EndGlobal
